
Microsoft Visual Studio Solution File, Format Version 12.00
# Visual Studio Version 17
VisualStudioVersion = 17.2.32505.173
MinimumVisualStudioVersion = 10.0.40219.1
Project("{9A19103F-16F7-4668-BE54-9A1E7A4F7556}") = "Lab3_1", "Lab3\Lab3_1.csproj", "{115E1547-559A-48FD-8008-5F265293EDC0}"
EndProject
Project("{9A19103F-16F7-4668-BE54-9A1E7A4F7556}") = "Lab3_2", "Lab3_2\Lab3_2.csproj", "{25DBC9BF-A7A3-4C82-A118-3E1BA92DD2A9}"
EndProject
Project("{FAE04EC0-301F-11D3-BF4B-00C04F79EFBC}") = "Lab3_3", "Lab3_3\Lab3_3.csproj", "{BCD16BBC-5440-4E96-B084-19F1C7D899A6}"
EndProject
Global
	GlobalSection(SolutionConfigurationPlatforms) = preSolution
		Debug|Any CPU = Debug|Any CPU
		Release|Any CPU = Release|Any CPU
	EndGlobalSection
	GlobalSection(ProjectConfigurationPlatforms) = postSolution
		{115E1547-559A-48FD-8008-5F265293EDC0}.Debug|Any CPU.ActiveCfg = Debug|Any CPU
		{115E1547-559A-48FD-8008-5F265293EDC0}.Debug|Any CPU.Build.0 = Debug|Any CPU
		{115E1547-559A-48FD-8008-5F265293EDC0}.Release|Any CPU.ActiveCfg = Release|Any CPU
		{115E1547-559A-48FD-8008-5F265293EDC0}.Release|Any CPU.Build.0 = Release|Any CPU
		{25DBC9BF-A7A3-4C82-A118-3E1BA92DD2A9}.Debug|Any CPU.ActiveCfg = Debug|Any CPU
		{25DBC9BF-A7A3-4C82-A118-3E1BA92DD2A9}.Debug|Any CPU.Build.0 = Debug|Any CPU
		{25DBC9BF-A7A3-4C82-A118-3E1BA92DD2A9}.Release|Any CPU.ActiveCfg = Release|Any CPU
		{25DBC9BF-A7A3-4C82-A118-3E1BA92DD2A9}.Release|Any CPU.Build.0 = Release|Any CPU
		{BCD16BBC-5440-4E96-B084-19F1C7D899A6}.Debug|Any CPU.ActiveCfg = Debug|Any CPU
		{BCD16BBC-5440-4E96-B084-19F1C7D899A6}.Debug|Any CPU.Build.0 = Debug|Any CPU
		{BCD16BBC-5440-4E96-B084-19F1C7D899A6}.Release|Any CPU.ActiveCfg = Release|Any CPU
		{BCD16BBC-5440-4E96-B084-19F1C7D899A6}.Release|Any CPU.Build.0 = Release|Any CPU
	EndGlobalSection
	GlobalSection(SolutionProperties) = preSolution
		HideSolutionNode = FALSE
	EndGlobalSection
	GlobalSection(ExtensibilityGlobals) = postSolution
		SolutionGuid = {F07A6D5B-D748-4EE9-BF0E-93FC0E3B8F2B}
	EndGlobalSection
EndGlobal
